
Microsoft Visual Studio Solution File, Format Version 12.00
# Visual Studio Version 17
VisualStudioVersion = 17.3.32811.315
MinimumVisualStudioVersion = 10.0.40219.1
Project("{FAE04EC0-301F-11D3-BF4B-00C04F79EFBC}") = "warehouse1122", "warehouse1122.csproj", "{1CAC0718-8B0F-4B2C-B09E-4C02B4E445DC}"
EndProject
Global
	GlobalSection(SolutionConfigurationPlatforms) = preSolution
		Debug|Any CPU = Debug|Any CPU
		Release|Any CPU = Release|Any CPU
	EndGlobalSection
	GlobalSection(ProjectConfigurationPlatforms) = postSolution
		{1CAC0718-8B0F-4B2C-B09E-4C02B4E445DC}.Debug|Any CPU.ActiveCfg = Debug|Any CPU
		{1CAC0718-8B0F-4B2C-B09E-4C02B4E445DC}.Debug|Any CPU.Build.0 = Debug|Any CPU
		{1CAC0718-8B0F-4B2C-B09E-4C02B4E445DC}.Release|Any CPU.ActiveCfg = Release|Any CPU
		{1CAC0718-8B0F-4B2C-B09E-4C02B4E445DC}.Release|Any CPU.Build.0 = Release|Any CPU
	EndGlobalSection
	GlobalSection(SolutionProperties) = preSolution
		HideSolutionNode = FALSE
	EndGlobalSection
	GlobalSection(ExtensibilityGlobals) = postSolution
		SolutionGuid = {24595883-383A-4FFC-ACD8-44638BCD55F3}
	EndGlobalSection
EndGlobal
